github.com/dagar-in/try-catch v0.0.0-20220610183826-3d23969e38f7 h1:iSSZQFZ1EDop4k6BFTW03v6quqm+ZDq4J+xpzpU0naY=
github.com/dagar-in/try-catch v0.0.0-20220610183826-3d23969e38f7/go.mod h1:aaFVDSRn7JvwqtlqJPkqlj9OXBWSJmYYHVoA1xnDn58=
github.com/garydevenay/go-chatgpt-client v0.0.1 h1:s6jTaDMs7WM4U6srf+jhiQ9R+Xx8R3i0FeHwzas4Jfc=
github.com/garydevenay/go-chatgpt-client v0.0.1/go.mod h1:ym7WWnmYBycfxzroI0Jy31S2mmvaNI2AKjzITrNPzaI=
github.com/go-telegram/bot v0.7.1 h1:wat949fiCPtOblBtpqjzxXFmcP9Cjf4+YomNEcvrde0=
github.com/go-telegram/bot v0.7.1/go.mod h1:i2TRs7fXWIeaceF3z7KzsMt/he0TwkVC680mvdTFYeM=
github.com/jarcoal/httpmock v1.3.0 h1:2RJ8GP0IIaWwcC9Fp2BmVi8Kog3v2Hn7VXM3fTd+nuc=
github.com/mattn/go-sqlite3 v1.14.16 h1:yOQRA0RpS5PFz/oikGwBEqvAWhWg5ufRz4ETLjwpU1Y=
github.com/mattn/go-sqlite3 v1.14.16/go.mod h1:2eHXhiwb8IkHr+BDWZGa96P6+rkvnG63S2DGjv9HUNg=
github.com/mazen160/go-random v0.0.0-20210308102632-d2b501c85c03 h1:iM7JTVzKOYKWjzhGcgHAgFVQt5QfiHIVrRUaWPfh0Q4=
github.com/mazen160/go-random v0.0.0-20210308102632-d2b501c85c03/go.mod h1:APoDd0B2pYeB5kU/g7Mw14mFsljp5HfzrC7arsKbi8U=
github.com/sashabaranov/go-openai v1.5.7 h1:8DGgRG+P7yWixte5j720y6yiXgY3Hlgcd0gcpHdltfo=
github.com/sashabaranov/go-openai v1.5.7/go.mod h1:lj5b/K+zjTSFxVLijLSTDZuP7adOgerWeFyZLUhAKRg=
golang.org/x/exp v0.0.0-20230321023759-10a507213a29 h1:ooxPy7fPvB4kwsA2h+iBNHkAbp/4JxTSwCmvdjEYmug=
golang.org/x/exp v0.0.0-20230321023759-10a507213a29/go.mod h1:CxIveKay+FTh1D0yPZemJVgC/95VzuuOLq5Qi4xnoYc=
